
Microsoft Visual Studio Solution File, Format Version 12.00
# Visual Studio Version 17
VisualStudioVersion = 17.10.35122.118
MinimumVisualStudioVersion = 10.0.40219.1
Project("{FAE04EC0-301F-11D3-BF4B-00C04F79EFBC}") = "NewsPortal.Domain", "NewsPortal.Domain\NewsPortal.Domain.csproj", "{CE771EDF-8940-4B7A-AC2D-B880124DB740}"
EndProject
Project("{FAE04EC0-301F-11D3-BF4B-00C04F79EFBC}") = "NewsPortal.Infrastructure", "NewsPortal.Infrastructure\NewsPortal.Infrastructure.csproj", "{11AD5ACA-9B4C-4168-96EC-D36AC8EB6BD0}"
EndProject
Project("{FAE04EC0-301F-11D3-BF4B-00C04F79EFBC}") = "NewsPortal.Application", "NewsPortal.Application\NewsPortal.Application.csproj", "{C06322EC-FEFF-4A50-B1AE-F71564655423}"
EndProject
Project("{FAE04EC0-301F-11D3-BF4B-00C04F79EFBC}") = "NewsPortal.Controller", "NewsPortal.Controller\NewsPortal.Controller.csproj", "{51245C7E-1D31-4D10-AC68-D6EE387BE64C}"
EndProject
Global
	GlobalSection(SolutionConfigurationPlatforms) = preSolution
		Debug|Any CPU = Debug|Any CPU
		Release|Any CPU = Release|Any CPU
	EndGlobalSection
	GlobalSection(ProjectConfigurationPlatforms) = postSolution
		{CE771EDF-8940-4B7A-AC2D-B880124DB740}.Debug|Any CPU.ActiveCfg = Debug|Any CPU
		{CE771EDF-8940-4B7A-AC2D-B880124DB740}.Debug|Any CPU.Build.0 = Debug|Any CPU
		{CE771EDF-8940-4B7A-AC2D-B880124DB740}.Release|Any CPU.ActiveCfg = Release|Any CPU
		{CE771EDF-8940-4B7A-AC2D-B880124DB740}.Release|Any CPU.Build.0 = Release|Any CPU
		{11AD5ACA-9B4C-4168-96EC-D36AC8EB6BD0}.Debug|Any CPU.ActiveCfg = Debug|Any CPU
		{11AD5ACA-9B4C-4168-96EC-D36AC8EB6BD0}.Debug|Any CPU.Build.0 = Debug|Any CPU
		{11AD5ACA-9B4C-4168-96EC-D36AC8EB6BD0}.Release|Any CPU.ActiveCfg = Release|Any CPU
		{11AD5ACA-9B4C-4168-96EC-D36AC8EB6BD0}.Release|Any CPU.Build.0 = Release|Any CPU
		{C06322EC-FEFF-4A50-B1AE-F71564655423}.Debug|Any CPU.ActiveCfg = Debug|Any CPU
		{C06322EC-FEFF-4A50-B1AE-F71564655423}.Debug|Any CPU.Build.0 = Debug|Any CPU
		{C06322EC-FEFF-4A50-B1AE-F71564655423}.Release|Any CPU.ActiveCfg = Release|Any CPU
		{C06322EC-FEFF-4A50-B1AE-F71564655423}.Release|Any CPU.Build.0 = Release|Any CPU
		{51245C7E-1D31-4D10-AC68-D6EE387BE64C}.Debug|Any CPU.ActiveCfg = Debug|Any CPU
		{51245C7E-1D31-4D10-AC68-D6EE387BE64C}.Debug|Any CPU.Build.0 = Debug|Any CPU
		{51245C7E-1D31-4D10-AC68-D6EE387BE64C}.Release|Any CPU.ActiveCfg = Release|Any CPU
		{51245C7E-1D31-4D10-AC68-D6EE387BE64C}.Release|Any CPU.Build.0 = Release|Any CPU
	EndGlobalSection
	GlobalSection(SolutionProperties) = preSolution
		HideSolutionNode = FALSE
	EndGlobalSection
	GlobalSection(ExtensibilityGlobals) = postSolution
		SolutionGuid = {74EB22CD-21B0-44DE-8E6F-6AC48D067864}
	EndGlobalSection
EndGlobal
